
Microsoft Visual Studio Solution File, Format Version 12.00
# Visual Studio 14
VisualStudioVersion = 14.0.25123.0
MinimumVisualStudioVersion = 10.0.40219.1
Project("{FAE04EC0-301F-11D3-BF4B-00C04F79EFBC}") = "CBConsole", "CBConsole\CBConsole.csproj", "{3F6D2926-5BB3-4FF0-879B-B6BB093CFB43}"
EndProject
Project("{FAE04EC0-301F-11D3-BF4B-00C04F79EFBC}") = "CBViewer", "CBViewer\CBViewer.csproj", "{FA75BBBE-3B32-4F15-9DBC-2771E15956B8}"
EndProject
Project("{FAE04EC0-301F-11D3-BF4B-00C04F79EFBC}") = "CBViewerX", "CBViewerX\CBViewerX.csproj", "{157E8BF6-2A33-4AF2-9439-BC3A4F9F1A21}"
EndProject
Project("{FAE04EC0-301F-11D3-BF4B-00C04F79EFBC}") = "[lib] CBLib", "CBLib\[lib] CBLib.csproj", "{8C36A8A9-5D53-46F5-A08E-61C4F134C79A}"
EndProject
Project("{FAE04EC0-301F-11D3-BF4B-00C04F79EFBC}") = "[lib] CBWinLib", "CBWinLib\[lib] CBWinLib.csproj", "{4DB6B239-D2B5-44E5-9FD2-1CE40D214040}"
EndProject
Global
	GlobalSection(SolutionConfigurationPlatforms) = preSolution
		Debug|Any CPU = Debug|Any CPU
		Debug|ARM = Debug|ARM
		Debug|x64 = Debug|x64
		Debug|x86 = Debug|x86
		Release|Any CPU = Release|Any CPU
		Release|ARM = Release|ARM
		Release|x64 = Release|x64
		Release|x86 = Release|x86
	EndGlobalSection
	GlobalSection(ProjectConfigurationPlatforms) = postSolution
		{3F6D2926-5BB3-4FF0-879B-B6BB093CFB43}.Debug|Any CPU.ActiveCfg = Debug|Any CPU
		{3F6D2926-5BB3-4FF0-879B-B6BB093CFB43}.Debug|Any CPU.Build.0 = Debug|Any CPU
		{3F6D2926-5BB3-4FF0-879B-B6BB093CFB43}.Debug|ARM.ActiveCfg = Debug|Any CPU
		{3F6D2926-5BB3-4FF0-879B-B6BB093CFB43}.Debug|ARM.Build.0 = Debug|Any CPU
		{3F6D2926-5BB3-4FF0-879B-B6BB093CFB43}.Debug|x64.ActiveCfg = Debug|Any CPU
		{3F6D2926-5BB3-4FF0-879B-B6BB093CFB43}.Debug|x64.Build.0 = Debug|Any CPU
		{3F6D2926-5BB3-4FF0-879B-B6BB093CFB43}.Debug|x86.ActiveCfg = Debug|Any CPU
		{3F6D2926-5BB3-4FF0-879B-B6BB093CFB43}.Debug|x86.Build.0 = Debug|Any CPU
		{3F6D2926-5BB3-4FF0-879B-B6BB093CFB43}.Release|Any CPU.ActiveCfg = Release|Any CPU
		{3F6D2926-5BB3-4FF0-879B-B6BB093CFB43}.Release|Any CPU.Build.0 = Release|Any CPU
		{3F6D2926-5BB3-4FF0-879B-B6BB093CFB43}.Release|ARM.ActiveCfg = Release|Any CPU
		{3F6D2926-5BB3-4FF0-879B-B6BB093CFB43}.Release|ARM.Build.0 = Release|Any CPU
		{3F6D2926-5BB3-4FF0-879B-B6BB093CFB43}.Release|x64.ActiveCfg = Release|Any CPU
		{3F6D2926-5BB3-4FF0-879B-B6BB093CFB43}.Release|x64.Build.0 = Release|Any CPU
		{3F6D2926-5BB3-4FF0-879B-B6BB093CFB43}.Release|x86.ActiveCfg = Release|Any CPU
		{3F6D2926-5BB3-4FF0-879B-B6BB093CFB43}.Release|x86.Build.0 = Release|Any CPU
		{FA75BBBE-3B32-4F15-9DBC-2771E15956B8}.Debug|Any CPU.ActiveCfg = Debug|x86
		{FA75BBBE-3B32-4F15-9DBC-2771E15956B8}.Debug|Any CPU.Build.0 = Debug|x86
		{FA75BBBE-3B32-4F15-9DBC-2771E15956B8}.Debug|ARM.ActiveCfg = Debug|ARM
		{FA75BBBE-3B32-4F15-9DBC-2771E15956B8}.Debug|ARM.Build.0 = Debug|ARM
		{FA75BBBE-3B32-4F15-9DBC-2771E15956B8}.Debug|ARM.Deploy.0 = Debug|ARM
		{FA75BBBE-3B32-4F15-9DBC-2771E15956B8}.Debug|x64.ActiveCfg = Debug|x64
		{FA75BBBE-3B32-4F15-9DBC-2771E15956B8}.Debug|x64.Build.0 = Debug|x64
		{FA75BBBE-3B32-4F15-9DBC-2771E15956B8}.Debug|x64.Deploy.0 = Debug|x64
		{FA75BBBE-3B32-4F15-9DBC-2771E15956B8}.Debug|x86.ActiveCfg = Debug|x86
		{FA75BBBE-3B32-4F15-9DBC-2771E15956B8}.Debug|x86.Build.0 = Debug|x86
		{FA75BBBE-3B32-4F15-9DBC-2771E15956B8}.Debug|x86.Deploy.0 = Debug|x86
		{FA75BBBE-3B32-4F15-9DBC-2771E15956B8}.Release|Any CPU.ActiveCfg = Release|x86
		{FA75BBBE-3B32-4F15-9DBC-2771E15956B8}.Release|ARM.ActiveCfg = Release|ARM
		{FA75BBBE-3B32-4F15-9DBC-2771E15956B8}.Release|ARM.Build.0 = Release|ARM
		{FA75BBBE-3B32-4F15-9DBC-2771E15956B8}.Release|ARM.Deploy.0 = Release|ARM
		{FA75BBBE-3B32-4F15-9DBC-2771E15956B8}.Release|x64.ActiveCfg = Release|x64
		{FA75BBBE-3B32-4F15-9DBC-2771E15956B8}.Release|x64.Build.0 = Release|x64
		{FA75BBBE-3B32-4F15-9DBC-2771E15956B8}.Release|x64.Deploy.0 = Release|x64
		{FA75BBBE-3B32-4F15-9DBC-2771E15956B8}.Release|x86.ActiveCfg = Release|x86
		{FA75BBBE-3B32-4F15-9DBC-2771E15956B8}.Release|x86.Build.0 = Release|x86
		{FA75BBBE-3B32-4F15-9DBC-2771E15956B8}.Release|x86.Deploy.0 = Release|x86
		{157E8BF6-2A33-4AF2-9439-BC3A4F9F1A21}.Debug|Any CPU.ActiveCfg = Debug|Any CPU
		{157E8BF6-2A33-4AF2-9439-BC3A4F9F1A21}.Debug|Any CPU.Build.0 = Debug|Any CPU
		{157E8BF6-2A33-4AF2-9439-BC3A4F9F1A21}.Debug|ARM.ActiveCfg = Debug|Any CPU
		{157E8BF6-2A33-4AF2-9439-BC3A4F9F1A21}.Debug|ARM.Build.0 = Debug|Any CPU
		{157E8BF6-2A33-4AF2-9439-BC3A4F9F1A21}.Debug|x64.ActiveCfg = Debug|Any CPU
		{157E8BF6-2A33-4AF2-9439-BC3A4F9F1A21}.Debug|x64.Build.0 = Debug|Any CPU
		{157E8BF6-2A33-4AF2-9439-BC3A4F9F1A21}.Debug|x86.ActiveCfg = Debug|Any CPU
		{157E8BF6-2A33-4AF2-9439-BC3A4F9F1A21}.Debug|x86.Build.0 = Debug|Any CPU
		{157E8BF6-2A33-4AF2-9439-BC3A4F9F1A21}.Release|Any CPU.ActiveCfg = Release|Any CPU
		{157E8BF6-2A33-4AF2-9439-BC3A4F9F1A21}.Release|Any CPU.Build.0 = Release|Any CPU
		{157E8BF6-2A33-4AF2-9439-BC3A4F9F1A21}.Release|ARM.ActiveCfg = Release|Any CPU
		{157E8BF6-2A33-4AF2-9439-BC3A4F9F1A21}.Release|ARM.Build.0 = Release|Any CPU
		{157E8BF6-2A33-4AF2-9439-BC3A4F9F1A21}.Release|x64.ActiveCfg = Release|Any CPU
		{157E8BF6-2A33-4AF2-9439-BC3A4F9F1A21}.Release|x64.Build.0 = Release|Any CPU
		{157E8BF6-2A33-4AF2-9439-BC3A4F9F1A21}.Release|x86.ActiveCfg = Release|Any CPU
		{157E8BF6-2A33-4AF2-9439-BC3A4F9F1A21}.Release|x86.Build.0 = Release|Any CPU
		{8C36A8A9-5D53-46F5-A08E-61C4F134C79A}.Debug|Any CPU.ActiveCfg = Debug|Any CPU
		{8C36A8A9-5D53-46F5-A08E-61C4F134C79A}.Debug|Any CPU.Build.0 = Debug|Any CPU
		{8C36A8A9-5D53-46F5-A08E-61C4F134C79A}.Debug|ARM.ActiveCfg = Debug|Any CPU
		{8C36A8A9-5D53-46F5-A08E-61C4F134C79A}.Debug|ARM.Build.0 = Debug|Any CPU
		{8C36A8A9-5D53-46F5-A08E-61C4F134C79A}.Debug|x64.ActiveCfg = Debug|Any CPU
		{8C36A8A9-5D53-46F5-A08E-61C4F134C79A}.Debug|x64.Build.0 = Debug|Any CPU
		{8C36A8A9-5D53-46F5-A08E-61C4F134C79A}.Debug|x86.ActiveCfg = Debug|Any CPU
		{8C36A8A9-5D53-46F5-A08E-61C4F134C79A}.Debug|x86.Build.0 = Debug|Any CPU
		{8C36A8A9-5D53-46F5-A08E-61C4F134C79A}.Release|Any CPU.ActiveCfg = Release|Any CPU
		{8C36A8A9-5D53-46F5-A08E-61C4F134C79A}.Release|Any CPU.Build.0 = Release|Any CPU
		{8C36A8A9-5D53-46F5-A08E-61C4F134C79A}.Release|ARM.ActiveCfg = Release|Any CPU
		{8C36A8A9-5D53-46F5-A08E-61C4F134C79A}.Release|ARM.Build.0 = Release|Any CPU
		{8C36A8A9-5D53-46F5-A08E-61C4F134C79A}.Release|x64.ActiveCfg = Release|Any CPU
		{8C36A8A9-5D53-46F5-A08E-61C4F134C79A}.Release|x64.Build.0 = Release|Any CPU
		{8C36A8A9-5D53-46F5-A08E-61C4F134C79A}.Release|x86.ActiveCfg = Release|Any CPU
		{8C36A8A9-5D53-46F5-A08E-61C4F134C79A}.Release|x86.Build.0 = Release|Any CPU
		{4DB6B239-D2B5-44E5-9FD2-1CE40D214040}.Debug|Any CPU.ActiveCfg = Debug|Any CPU
		{4DB6B239-D2B5-44E5-9FD2-1CE40D214040}.Debug|Any CPU.Build.0 = Debug|Any CPU
		{4DB6B239-D2B5-44E5-9FD2-1CE40D214040}.Debug|ARM.ActiveCfg = Debug|Any CPU
		{4DB6B239-D2B5-44E5-9FD2-1CE40D214040}.Debug|ARM.Build.0 = Debug|Any CPU
		{4DB6B239-D2B5-44E5-9FD2-1CE40D214040}.Debug|x64.ActiveCfg = Debug|Any CPU
		{4DB6B239-D2B5-44E5-9FD2-1CE40D214040}.Debug|x64.Build.0 = Debug|Any CPU
		{4DB6B239-D2B5-44E5-9FD2-1CE40D214040}.Debug|x86.ActiveCfg = Debug|Any CPU
		{4DB6B239-D2B5-44E5-9FD2-1CE40D214040}.Debug|x86.Build.0 = Debug|Any CPU
		{4DB6B239-D2B5-44E5-9FD2-1CE40D214040}.Release|Any CPU.ActiveCfg = Release|Any CPU
		{4DB6B239-D2B5-44E5-9FD2-1CE40D214040}.Release|Any CPU.Build.0 = Release|Any CPU
		{4DB6B239-D2B5-44E5-9FD2-1CE40D214040}.Release|ARM.ActiveCfg = Release|Any CPU
		{4DB6B239-D2B5-44E5-9FD2-1CE40D214040}.Release|ARM.Build.0 = Release|Any CPU
		{4DB6B239-D2B5-44E5-9FD2-1CE40D214040}.Release|x64.ActiveCfg = Release|Any CPU
		{4DB6B239-D2B5-44E5-9FD2-1CE40D214040}.Release|x64.Build.0 = Release|Any CPU
		{4DB6B239-D2B5-44E5-9FD2-1CE40D214040}.Release|x86.ActiveCfg = Release|Any CPU
		{4DB6B239-D2B5-44E5-9FD2-1CE40D214040}.Release|x86.Build.0 = Release|Any CPU
	EndGlobalSection
	GlobalSection(SolutionProperties) = preSolution
		HideSolutionNode = FALSE
	EndGlobalSection
EndGlobal
